// !$*UTF8*$!
{
	archiveVersion = 1;
	classes = {
	};
	objectVersion = 50;
	objects = {

/* Begin PBXBuildFile section */
		90C162E323FF2F4100AA5FBC /* AppDelegate.swift in Sources */ = {isa = PBXBuildFile; fileRef = 90C162E223FF2F4100AA5FBC /* AppDelegate.swift */; };
		90C162E523FF2F4100AA5FBC /* SceneDelegate.swift in Sources */ = {isa = PBXBuildFile; fileRef = 90C162E423FF2F4100AA5FBC /* SceneDelegate.swift */; };
		90C162E823FF2F4100AA5FBC /* CoreDataToDo.xcdatamodeld in Sources */ = {isa = PBXBuildFile; fileRef = 90C162E623FF2F4100AA5FBC /* CoreDataToDo.xcdatamodeld */; };
		90C162EA23FF2F4100AA5FBC /* ContentView.swift in Sources */ = {isa = PBXBuildFile; fileRef = 90C162E923FF2F4100AA5FBC /* ContentView.swift */; };
		90C162EC23FF2F4300AA5FBC /* Assets.xcassets in Resources */ = {isa = PBXBuildFile; fileRef = 90C162EB23FF2F4300AA5FBC /* Assets.xcassets */; };
		90C162EF23FF2F4300AA5FBC /* Preview Assets.xcassets in Resources */ = {isa = PBXBuildFile; fileRef = 90C162EE23FF2F4300AA5FBC /* Preview Assets.xcassets */; };
		90C162F223FF2F4300AA5FBC /* LaunchScreen.storyboard in Resources */ = {isa = PBXBuildFile; fileRef = 90C162F023FF2F4300AA5FBC /* LaunchScreen.storyboard */; };
		90C162FD23FF2F4300AA5FBC /* CoreDataToDoTests.swift in Sources */ = {isa = PBXBuildFile; fileRef = 90C162FC23FF2F4300AA5FBC /* CoreDataToDoTests.swift */; };
/* End PBXBuildFile section */

/* Begin PBXContainerItemProxy section */
		90C162F923FF2F4300AA5FBC /* PBXContainerItemProxy */ = {
			isa = PBXContainerItemProxy;
			containerPortal = 90C162D723FF2F4100AA5FBC /* Project object */;
			proxyType = 1;
			remoteGlobalIDString = 90C162DE23FF2F4100AA5FBC;
			remoteInfo = CoreDataToDo;
		};
/* End PBXContainerItemProxy section */

/* Begin PBXFileReference section */
		90C162DF23FF2F4100AA5FBC /* CoreDataToDo.app */ = {isa = PBXFileReference; explicitFileType = wrapper.application; includeInIndex = 0; path = CoreDataToDo.app; sourceTree = BUILT_PRODUCTS_DIR; };
		90C162E223FF2F4100AA5FBC /* AppDelegate.swift */ = {isa = PBXFileReference; lastKnownFileType = sourcecode.swift; path = AppDelegate.swift; sourceTree = "<group>"; };
		90C162E423FF2F4100AA5FBC /* SceneDelegate.swift */ = {isa = PBXFileReference; lastKnownFileType = sourcecode.swift; path = SceneDelegate.swift; sourceTree = "<group>"; };
		90C162E723FF2F4100AA5FBC /* CoreDataToDo.xcdatamodel */ = {isa = PBXFileReference; lastKnownFileType = wrapper.xcdatamodel; path = CoreDataToDo.xcdatamodel; sourceTree = "<group>"; };
		90C162E923FF2F4100AA5FBC /* ContentView.swift */ = {isa = PBXFileReference; lastKnownFileType = sourcecode.swift; path = ContentView.swift; sourceTree = "<group>"; };
		90C162EB23FF2F4300AA5FBC /* Assets.xcassets */ = {isa = PBXFileReference; lastKnownFileType = folder.assetcatalog; path = Assets.xcassets; sourceTree = "<group>"; };
		90C162EE23FF2F4300AA5FBC /* Preview Assets.xcassets */ = {isa = PBXFileReference; lastKnownFileType = folder.assetcatalog; path = "Preview Assets.xcassets"; sourceTree = "<group>"; };
		90C162F123FF2F4300AA5FBC /* Base */ = {isa = PBXFileReference; lastKnownFileType = file.storyboard; name = Base; path = Base.lproj/LaunchScreen.storyboard; sourceTree = "<group>"; };
		90C162F323FF2F4300AA5FBC /* Info.plist */ = {isa = PBXFileReference; lastKnownFileType = text.plist.xml; path = Info.plist; sourceTree = "<group>"; };
		90C162F823FF2F4300AA5FBC /* CoreDataToDoTests.xctest */ = {isa = PBXFileReference; explicitFileType = wrapper.cfbundle; includeInIndex = 0; path = CoreDataToDoTests.xctest; sourceTree = BUILT_PRODUCTS_DIR; };
		90C162FC23FF2F4300AA5FBC /* CoreDataToDoTests.swift */ = {isa = PBXFileReference; lastKnownFileType = sourcecode.swift; path = CoreDataToDoTests.swift; sourceTree = "<group>"; };
		90C162FE23FF2F4300AA5FBC /* Info.plist */ = {isa = PBXFileReference; lastKnownFileType = text.plist.xml; path = Info.plist; sourceTree = "<group>"; };
/* End PBXFileReference section */

/* Begin PBXFrameworksBuildPhase section */
		90C162DC23FF2F4100AA5FBC /* Frameworks */ = {
			isa = PBXFrameworksBuildPhase;
			buildActionMask = 2147483647;
			files = (
			);
			runOnlyForDeploymentPostprocessing = 0;
		};
		90C162F523FF2F4300AA5FBC /* Frameworks */ = {
			isa = PBXFrameworksBuildPhase;
			buildActionMask = 2147483647;
			files = (
			);
			runOnlyForDeploymentPostprocessing = 0;
		};
/* End PBXFrameworksBuildPhase section */

/* Begin PBXGroup section */
		90C162D623FF2F4100AA5FBC = {
			isa = PBXGroup;
			children = (
				90C162E123FF2F4100AA5FBC /* CoreDataToDo */,
				90C162FB23FF2F4300AA5FBC /* CoreDataToDoTests */,
				90C162E023FF2F4100AA5FBC /* Products */,
			);
			sourceTree = "<group>";
		};
		90C162E023FF2F4100AA5FBC /* Products */ = {
			isa = PBXGroup;
			children = (
				90C162DF23FF2F4100AA5FBC /* CoreDataToDo.app */,
				90C162F823FF2F4300AA5FBC /* CoreDataToDoTests.xctest */,
			);
			name = Products;
			sourceTree = "<group>";
		};
		90C162E123FF2F4100AA5FBC /* CoreDataToDo */ = {
			isa = PBXGroup;
			children = (
				90C162E223FF2F4100AA5FBC /* AppDelegate.swift */,
				90C162E423FF2F4100AA5FBC /* SceneDelegate.swift */,
				90C162E923FF2F4100AA5FBC /* ContentView.swift */,
				90C162EB23FF2F4300AA5FBC /* Assets.xcassets */,
				90C162F023FF2F4300AA5FBC /* LaunchScreen.storyboard */,
				90C162F323FF2F4300AA5FBC /* Info.plist */,
				90C162E623FF2F4100AA5FBC /* CoreDataToDo.xcdatamodeld */,
				90C162ED23FF2F4300AA5FBC /* Preview Content */,
			);
			path = CoreDataToDo;
			sourceTree = "<group>";
		};
		90C162ED23FF2F4300AA5FBC /* Preview Content */ = {
			isa = PBXGroup;
			children = (
				90C162EE23FF2F4300AA5FBC /* Preview Assets.xcassets */,
			);
			path = "Preview Content";
			sourceTree = "<group>";
		};
		90C162FB23FF2F4300AA5FBC /* CoreDataToDoTests */ = {
			isa = PBXGroup;
			children = (
				90C162FC23FF2F4300AA5FBC /* CoreDataToDoTests.swift */,
				90C162FE23FF2F4300AA5FBC /* Info.plist */,
			);
			path = CoreDataToDoTests;
			sourceTree = "<group>";
		};
/* End PBXGroup section */

/* Begin PBXNativeTarget section */
		90C162DE23FF2F4100AA5FBC /* CoreDataToDo */ = {
			isa = PBXNativeTarget;
			buildConfigurationList = 90C1630123FF2F4400AA5FBC /* Build configuration list for PBXNativeTarget "CoreDataToDo" */;
			buildPhases = (
				90C162DB23FF2F4100AA5FBC /* Sources */,
				90C162DC23FF2F4100AA5FBC /* Frameworks */,
				90C162DD23FF2F4100AA5FBC /* Resources */,
			);
			buildRules = (
			);
			dependencies = (
			);
			name = CoreDataToDo;
			productName = CoreDataToDo;
			productReference = 90C162DF23FF2F4100AA5FBC /* CoreDataToDo.app */;
			productType = "com.apple.product-type.application";
		};
		90C162F723FF2F4300AA5FBC /* CoreDataToDoTests */ = {
			isa = PBXNativeTarget;
			buildConfigurationList = 90C1630423FF2F4400AA5FBC /* Build configuration list for PBXNativeTarget "CoreDataToDoTests" */;
			buildPhases = (
				90C162F423FF2F4300AA5FBC /* Sources */,
				90C162F523FF2F4300AA5FBC /* Frameworks */,
				90C162F623FF2F4300AA5FBC /* Resources */,
			);
			buildRules = (
			);
			dependencies = (
				90C162FA23FF2F4300AA5FBC /* PBXTargetDependency */,
			);
			name = CoreDataToDoTests;
			productName = CoreDataToDoTests;
			productReference = 90C162F823FF2F4300AA5FBC /* CoreDataToDoTests.xctest */;
			productType = "com.apple.product-type.bundle.unit-test";
		};
/* End PBXNativeTarget section */

/* Begin PBXProject section */
		90C162D723FF2F4100AA5FBC /* Project object */ = {
			isa = PBXProject;
			attributes = {
				LastSwiftUpdateCheck = 1130;
				LastUpgradeCheck = 1130;
				ORGANIZATIONNAME = "Greg Hughes";
				TargetAttributes = {
					90C162DE23FF2F4100AA5FBC = {
						CreatedOnToolsVersion = 11.3.1;
					};
					90C162F723FF2F4300AA5FBC = {
						CreatedOnToolsVersion = 11.3.1;
						TestTargetID = 90C162DE23FF2F4100AA5FBC;
					};
				};
			};
			buildConfigurationList = 90C162DA23FF2F4100AA5FBC /* Build configuration list for PBXProject "CoreDataToDo" */;
			compatibilityVersion = "Xcode 9.3";
			developmentRegion = en;
			hasScannedForEncodings = 0;
			knownRegions = (
				en,
				Base,
			);
			mainGroup = 90C162D623FF2F4100AA5FBC;
			productRefGroup = 90C162E023FF2F4100AA5FBC /* Products */;
			projectDirPath = "";
			projectRoot = "";
			targets = (
				90C162DE23FF2F4100AA5FBC /* CoreDataToDo */,
				90C162F723FF2F4300AA5FBC /* CoreDataToDoTests */,
			);
		};
/* End PBXProject section */

/* Begin PBXResourcesBuildPhase section */
		90C162DD23FF2F4100AA5FBC /* Resources */ = {
			isa = PBXResourcesBuildPhase;
			buildActionMask = 2147483647;
			files = (
				90C162F223FF2F4300AA5FBC /* LaunchScreen.storyboard in Resources */,
				90C162EF23FF2F4300AA5FBC /* Preview Assets.xcassets in Resources */,
				90C162EC23FF2F4300AA5FBC /* Assets.xcassets in Resources */,
			);
			runOnlyForDeploymentPostprocessing = 0;
		};
		90C162F623FF2F4300AA5FBC /* Resources */ = {
			isa = PBXResourcesBuildPhase;
			buildActionMask = 2147483647;
			files = (
			);
			runOnlyForDeploymentPostprocessing = 0;
		};
/* End PBXResourcesBuildPhase section */

/* Begin PBXSourcesBuildPhase section */
		90C162DB23FF2F4100AA5FBC /* Sources */ = {
			isa = PBXSourcesBuildPhase;
			buildActionMask = 2147483647;
			files = (
				90C162E323FF2F4100AA5FBC /* AppDelegate.swift in Sources */,
				90C162E523FF2F4100AA5FBC /* SceneDelegate.swift in Sources */,
				90C162EA23FF2F4100AA5FBC /* ContentView.swift in Sources */,
				90C162E823FF2F4100AA5FBC /* CoreDataToDo.xcdatamodeld in Sources */,
			);
			runOnlyForDeploymentPostprocessing = 0;
		};
		90C162F423FF2F4300AA5FBC /* Sources */ = {
			isa = PBXSourcesBuildPhase;
			buildActionMask = 2147483647;
			files = (
				90C162FD23FF2F4300AA5FBC /* CoreDataToDoTests.swift in Sources */,
			);
			runOnlyForDeploymentPostprocessing = 0;
		};
/* End PBXSourcesBuildPhase section */

/* Begin PBXTargetDependency section */
		90C162FA23FF2F4300AA5FBC /* PBXTargetDependency */ = {
			isa = PBXTargetDependency;
			target = 90C162DE23FF2F4100AA5FBC /* CoreDataToDo */;
			targetProxy = 90C162F923FF2F4300AA5FBC /* PBXContainerItemProxy */;
		};
/* End PBXTargetDependency section */

/* Begin PBXVariantGroup section */
		90C162F023FF2F4300AA5FBC /* LaunchScreen.storyboard */ = {
			isa = PBXVariantGroup;
			children = (
				90C162F123FF2F4300AA5FBC /* Base */,
			);
			name = LaunchScreen.storyboard;
			sourceTree = "<group>";
		};
/* End PBXVariantGroup section */

/* Begin XCBuildConfiguration section */
		90C162FF23FF2F4400AA5FBC /* Debug */ = {
			isa = XCBuildConfiguration;
			buildSettings = {
				ALWAYS_SEARCH_USER_PATHS = NO;
				CLANG_ANALYZER_NONNULL = YES;
				CLANG_ANALYZER_NUMBER_OBJECT_CONVERSION = YES_AGGRESSIVE;
				CLANG_CXX_LANGUAGE_STANDARD = "gnu++14";
				CLANG_CXX_LIBRARY = "libc++";
				CLANG_ENABLE_MODULES = YES;
				CLANG_ENABLE_OBJC_ARC = YES;
				CLANG_ENABLE_OBJC_WEAK = YES;
				CLANG_WARN_BLOCK_CAPTURE_AUTORELEASING = YES;
				CLANG_WARN_BOOL_CONVERSION = YES;
				CLANG_WARN_COMMA = YES;
				CLANG_WARN_CONSTANT_CONVERSION = YES;
				CLANG_WARN_DEPRECATED_OBJC_IMPLEMENTATIONS = YES;
				CLANG_WARN_DIRECT_OBJC_ISA_USAGE = YES_ERROR;
				CLANG_WARN_DOCUMENTATION_COMMENTS = YES;
				CLANG_WARN_EMPTY_BODY = YES;
				CLANG_WARN_ENUM_CONVERSION = YES;
				CLANG_WARN_INFINITE_RECURSION = YES;
				CLANG_WARN_INT_CONVERSION = YES;
				CLANG_WARN_NON_LITERAL_NULL_CONVERSION = YES;
				CLANG_WARN_OBJC_IMPLICIT_RETAIN_SELF = YES;
				CLANG_WARN_OBJC_LITERAL_CONVERSION = YES;
				CLANG_WARN_OBJC_ROOT_CLASS = YES_ERROR;
				CLANG_WARN_RANGE_LOOP_ANALYSIS = YES;
				CLANG_WARN_STRICT_PROTOTYPES = YES;
				CLANG_WARN_SUSPICIOUS_MOVE = YES;
				CLANG_WARN_UNGUARDED_AVAILABILITY = YES_AGGRESSIVE;
				CLANG_WARN_UNREACHABLE_CODE = YES;
				CLANG_WARN__DUPLICATE_METHOD_MATCH = YES;
				COPY_PHASE_STRIP = NO;
				DEBUG_INFORMATION_FORMAT = dwarf;
				ENABLE_STRICT_OBJC_MSGSEND = YES;
				ENABLE_TESTABILITY = YES;
				GCC_C_LANGUAGE_STANDARD = gnu11;
				GCC_DYNAMIC_NO_PIC = NO;
				GCC_NO_COMMON_BLOCKS = YES;
				GCC_OPTIMIZATION_LEVEL = 0;
				GCC_PREPROCESSOR_DEFINITIONS = (
					"DEBUG=1",
					"$(inherited)",
				);
				GCC_WARN_64_TO_32_BIT_CONVERSION = YES;
				GCC_WARN_ABOUT_RETURN_TYPE = YES_ERROR;
				GCC_WARN_UNDECLARED_SELECTOR = YES;
				GCC_WARN_UNINITIALIZED_AUTOS = YES_AGGRESSIVE;
				GCC_WARN_UNUSED_FUNCTION = YES;
				GCC_WARN_UNUSED_VARIABLE = YES;
				IPHONEOS_DEPLOYMENT_TARGET = 13.2;
				MTL_ENABLE_DEBUG_INFO = INCLUDE_SOURCE;
				MTL_FAST_MATH = YES;
				ONLY_ACTIVE_ARCH = YES;
				SDKROOT = iphoneos;
				SWIFT_ACTIVE_COMPILATION_CONDITIONS = DEBUG;
				SWIFT_OPTIMIZATION_LEVEL = "-Onone";
			};
			name = Debug;
		};
		90C1630023FF2F4400AA5FBC /* Release */ = {
			isa = XCBuildConfiguration;
			buildSettings = {
				ALWAYS_SEARCH_USER_PATHS = NO;
				CLANG_ANALYZER_NONNULL = YES;
				CLANG_ANALYZER_NUMBER_OBJECT_CONVERSION = YES_AGGRESSIVE;
				CLANG_CXX_LANGUAGE_STANDARD = "gnu++14";
				CLANG_CXX_LIBRARY = "libc++";
				CLANG_ENABLE_MODULES = YES;
				CLANG_ENABLE_OBJC_ARC = YES;
				CLANG_ENABLE_OBJC_WEAK = YES;
				CLANG_WARN_BLOCK_CAPTURE_AUTORELEASING = YES;
				CLANG_WARN_BOOL_CONVERSION = YES;
				CLANG_WARN_COMMA = YES;
				CLANG_WARN_CONSTANT_CONVERSION = YES;
				CLANG_WARN_DEPRECATED_OBJC_IMPLEMENTATIONS = YES;
				CLANG_WARN_DIRECT_OBJC_ISA_USAGE = YES_ERROR;
				CLANG_WARN_DOCUMENTATION_COMMENTS = YES;
				CLANG_WARN_EMPTY_BODY = YES;
				CLANG_WARN_ENUM_CONVERSION = YES;
				CLANG_WARN_INFINITE_RECURSION = YES;
				CLANG_WARN_INT_CONVERSION = YES;
				CLANG_WARN_NON_LITERAL_NULL_CONVERSION = YES;
				CLANG_WARN_OBJC_IMPLICIT_RETAIN_SELF = YES;
				CLANG_WARN_OBJC_LITERAL_CONVERSION = YES;
				CLANG_WARN_OBJC_ROOT_CLASS = YES_ERROR;
				CLANG_WARN_RANGE_LOOP_ANALYSIS = YES;
				CLANG_WARN_STRICT_PROTOTYPES = YES;
				CLANG_WARN_SUSPICIOUS_MOVE = YES;
				CLANG_WARN_UNGUARDED_AVAILABILITY = YES_AGGRESSIVE;
				CLANG_WARN_UNREACHABLE_CODE = YES;
				CLANG_WARN__DUPLICATE_METHOD_MATCH = YES;
				COPY_PHASE_STRIP = NO;
				DEBUG_INFORMATION_FORMAT = "dwarf-with-dsym";
				ENABLE_NS_ASSERTIONS = NO;
				ENABLE_STRICT_OBJC_MSGSEND = YES;
				GCC_C_LANGUAGE_STANDARD = gnu11;
				GCC_NO_COMMON_BLOCKS = YES;
				GCC_WARN_64_TO_32_BIT_CONVERSION = YES;
				GCC_WARN_ABOUT_RETURN_TYPE = YES_ERROR;
				GCC_WARN_UNDECLARED_SELECTOR = YES;
				GCC_WARN_UNINITIALIZED_AUTOS = YES_AGGRESSIVE;
				GCC_WARN_UNUSED_FUNCTION = YES;
				GCC_WARN_UNUSED_VARIABLE = YES;
				IPHONEOS_DEPLOYMENT_TARGET = 13.2;
				MTL_ENABLE_DEBUG_INFO = NO;
				MTL_FAST_MATH = YES;
				SDKROOT = iphoneos;
				SWIFT_COMPILATION_MODE = wholemodule;
				SWIFT_OPTIMIZATION_LEVEL = "-O";
				VALIDATE_PRODUCT = YES;
			};
			name = Release;
		};
		90C1630223FF2F4400AA5FBC /* Debug */ = {
			isa = XCBuildConfiguration;
			buildSettings = {
				ASSETCATALOG_COMPILER_APPICON_NAME = AppIcon;
				CODE_SIGN_STYLE = Automatic;
				DEVELOPMENT_ASSET_PATHS = "\"CoreDataToDo/Preview Content\"";
				DEVELOPMENT_TEAM = 57FTCZV5HS;
				ENABLE_PREVIEWS = YES;
				INFOPLIST_FILE = CoreDataToDo/Info.plist;
				LD_RUNPATH_SEARCH_PATHS = (
					"$(inherited)",
					"@executable_path/Frameworks",
				);
				PRODUCT_BUNDLE_IDENTIFIER = com.greghughes.CoreDataToDo;
				PRODUCT_NAME = "$(TARGET_NAME)";
				SWIFT_VERSION = 5.0;
				TARGETED_DEVICE_FAMILY = "1,2";
			};
			name = Debug;
		};
		90C1630323FF2F4400AA5FBC /* Release */ = {
			isa = XCBuildConfiguration;
			buildSettings = {
				ASSETCATALOG_COMPILER_APPICON_NAME = AppIcon;
				CODE_SIGN_STYLE = Automatic;
				DEVELOPMENT_ASSET_PATHS = "\"CoreDataToDo/Preview Content\"";
				DEVELOPMENT_TEAM = 57FTCZV5HS;
				ENABLE_PREVIEWS = YES;
				INFOPLIST_FILE = CoreDataToDo/Info.plist;
				LD_RUNPATH_SEARCH_PATHS = (
					"$(inherited)",
					"@executable_path/Frameworks",
				);
				PRODUCT_BUNDLE_IDENTIFIER = com.greghughes.CoreDataToDo;
				PRODUCT_NAME = "$(TARGET_NAME)";
				SWIFT_VERSION = 5.0;
				TARGETED_DEVICE_FAMILY = "1,2";
			};
			name = Release;
		};
		90C1630523FF2F4400AA5FBC /* Debug */ = {
			isa = XCBuildConfiguration;
			buildSettings = {
				ALWAYS_EMBED_SWIFT_STANDARD_LIBRARIES = YES;
				BUNDLE_LOADER = "$(TEST_HOST)";
				CODE_SIGN_STYLE = Automatic;
				DEVELOPMENT_TEAM = 57FTCZV5HS;
				INFOPLIST_FILE = CoreDataToDoTests/Info.plist;
				IPHONEOS_DEPLOYMENT_TARGET = 13.2;
				LD_RUNPATH_SEARCH_PATHS = (
					"$(inherited)",
					"@executable_path/Frameworks",
					"@loader_path/Frameworks",
				);
				PRODUCT_BUNDLE_IDENTIFIER = com.greghughes.CoreDataToDoTests;
				PRODUCT_NAME = "$(TARGET_NAME)";
				SWIFT_VERSION = 5.0;
				TARGETED_DEVICE_FAMILY = "1,2";
				TEST_HOST = "$(BUILT_PRODUCTS_DIR)/CoreDataToDo.app/CoreDataToDo";
			};
			name = Debug;
		};
		90C1630623FF2F4400AA5FBC /* Release */ = {
			isa = XCBuildConfiguration;
			buildSettings = {
				ALWAYS_EMBED_SWIFT_STANDARD_LIBRARIES = YES;
				BUNDLE_LOADER = "$(TEST_HOST)";
				CODE_SIGN_STYLE = Automatic;
				DEVELOPMENT_TEAM = 57FTCZV5HS;
				INFOPLIST_FILE = CoreDataToDoTests/Info.plist;
				IPHONEOS_DEPLOYMENT_TARGET = 13.2;
				LD_RUNPATH_SEARCH_PATHS = (
					"$(inherited)",
					"@executable_path/Frameworks",
					"@loader_path/Frameworks",
				);
				PRODUCT_BUNDLE_IDENTIFIER = com.greghughes.CoreDataToDoTests;
				PRODUCT_NAME = "$(TARGET_NAME)";
				SWIFT_VERSION = 5.0;
				TARGETED_DEVICE_FAMILY = "1,2";
				TEST_HOST = "$(BUILT_PRODUCTS_DIR)/CoreDataToDo.app/CoreDataToDo";
			};
			name = Release;
		};
/* End XCBuildConfiguration section */

/* Begin XCConfigurationList section */
		90C162DA23FF2F4100AA5FBC /* Build configuration list for PBXProject "CoreDataToDo" */ = {
			isa = XCConfigurationList;
			buildConfigurations = (
				90C162FF23FF2F4400AA5FBC /* Debug */,
				90C1630023FF2F4400AA5FBC /* Release */,
			);
			defaultConfigurationIsVisible = 0;
			defaultConfigurationName = Release;
		};
		90C1630123FF2F4400AA5FBC /* Build configuration list for PBXNativeTarget "CoreDataToDo" */ = {
			isa = XCConfigurationList;
			buildConfigurations = (
				90C1630223FF2F4400AA5FBC /* Debug */,
				90C1630323FF2F4400AA5FBC /* Release */,
			);
			defaultConfigurationIsVisible = 0;
			defaultConfigurationName = Release;
		};
		90C1630423FF2F4400AA5FBC /* Build configuration list for PBXNativeTarget "CoreDataToDoTests" */ = {
			isa = XCConfigurationList;
			buildConfigurations = (
				90C1630523FF2F4400AA5FBC /* Debug */,
				90C1630623FF2F4400AA5FBC /* Release */,
			);
			defaultConfigurationIsVisible = 0;
			defaultConfigurationName = Release;
		};
/* End XCConfigurationList section */

/* Begin XCVersionGroup section */
		90C162E623FF2F4100AA5FBC /* CoreDataToDo.xcdatamodeld */ = {
			isa = XCVersionGroup;
			children = (
				90C162E723FF2F4100AA5FBC /* CoreDataToDo.xcdatamodel */,
			);
			currentVersion = 90C162E723FF2F4100AA5FBC /* CoreDataToDo.xcdatamodel */;
			path = CoreDataToDo.xcdatamodeld;
			sourceTree = "<group>";
			versionGroupType = wrapper.xcdatamodel;
		};
/* End XCVersionGroup section */
	};
	rootObject = 90C162D723FF2F4100AA5FBC /* Project object */;
}
